
Microsoft Visual Studio Solution File, Format Version 12.00
# Visual Studio 15
VisualStudioVersion = 15.0.27703.2000
MinimumVisualStudioVersion = 10.0.40219.1
Project("{9A19103F-16F7-4668-BE54-9A1E7A4F7556}") = "DXPressWeekly", "DXPressWeekly\DXPressWeekly.csproj", "{4CEF2575-3F0E-437F-A62E-3CCE3FE23B64}"
EndProject
Global
	GlobalSection(SolutionConfigurationPlatforms) = preSolution
		Debug|Any CPU = Debug|Any CPU
		Release|Any CPU = Release|Any CPU
	EndGlobalSection
	GlobalSection(ProjectConfigurationPlatforms) = postSolution
		{4CEF2575-3F0E-437F-A62E-3CCE3FE23B64}.Debug|Any CPU.ActiveCfg = Debug|Any CPU
		{4CEF2575-3F0E-437F-A62E-3CCE3FE23B64}.Debug|Any CPU.Build.0 = Debug|Any CPU
		{4CEF2575-3F0E-437F-A62E-3CCE3FE23B64}.Release|Any CPU.ActiveCfg = Release|Any CPU
		{4CEF2575-3F0E-437F-A62E-3CCE3FE23B64}.Release|Any CPU.Build.0 = Release|Any CPU
	EndGlobalSection
	GlobalSection(SolutionProperties) = preSolution
		HideSolutionNode = FALSE
	EndGlobalSection
	GlobalSection(ExtensibilityGlobals) = postSolution
		SolutionGuid = {B288F3E1-655D-49DC-B7A0-43746D519956}
	EndGlobalSection
EndGlobal
